{
  "name": "expo-sqlite-wrapper",
  "version": "1.1.1",
  "lockfileVersion": 2,
  "requires": true,
  "packages": {
    "": {
      "name": "expo-sqlite-wrapper",
      "version": "1.1.1",
      "license": "MIT",
      "dependencies": {
        "expo-sqlite": "*"
      },
      "devDependencies": {
        "@types/node": "^17.0.21",
        "typescript": "*"
      }
    },
    "node_modules/@expo/websql": {
      "version": "1.0.1",
      "resolved": "https://registry.npmjs.org/@expo/websql/-/websql-1.0.1.tgz",
      "integrity": "sha1-//DPnBuqH3D54dZYt8OaQg2bEKk=",
      "dependencies": {
        "argsarray": "^0.0.1",
        "immediate": "^3.2.2",
        "noop-fn": "^1.0.0",
        "pouchdb-collections": "^1.0.1",
        "tiny-queue": "^0.2.1"
      }
    },
    "node_modules/@types/node": {
      "version": "17.0.21",
      "resolved": "https://registry.npmjs.org/@types/node/-/node-17.0.21.tgz",
      "integrity": "sha512-DBZCJbhII3r90XbQxI8Y9IjjiiOGlZ0Hr32omXIZvwwZ7p4DMMXGrKXVyPfuoBOri9XNtL0UK69jYIBIsRX3QQ==",
      "dev": true
    },
    "node_modules/argsarray": {
      "version": "0.0.1",
      "resolved": "https://registry.npmjs.org/argsarray/-/argsarray-0.0.1.tgz",
      "integrity": "sha1-bnIHtOzbObCviDA/pa4ivajfYcs="
    },
    "node_modules/expo-modules-core": {
      "version": "0.2.0",
      "resolved": "https://registry.npmjs.org/expo-modules-core/-/expo-modules-core-0.2.0.tgz",
      "integrity": "sha512-inpfZ5X/BaTtbj2wG9PA9AC0MN8VyId6KSRlVuEg7+ziurHBy/kKDFxpOddUokhwiln2uhoYPSStJjR/tKypdw=="
    },
    "node_modules/expo-sqlite": {
      "version": "9.2.1",
      "resolved": "https://registry.npmjs.org/expo-sqlite/-/expo-sqlite-9.2.1.tgz",
      "integrity": "sha512-OTN3Dn/S07rmPEiMA8D4OXWvSwahckyAFWqgCAPUy6yjYI1O5ykhXZ37eerFJNMgSZqfOQ719lpYB0pdIKY6kA==",
      "dependencies": {
        "@expo/websql": "^1.0.1",
        "expo-modules-core": "~0.2.0",
        "lodash": "^4.17.15"
      }
    },
    "node_modules/immediate": {
      "version": "3.3.0",
      "resolved": "https://registry.npmjs.org/immediate/-/immediate-3.3.0.tgz",
      "integrity": "sha512-HR7EVodfFUdQCTIeySw+WDRFJlPcLOJbXfwwZ7Oom6tjsvZ3bOkCDJHehQC3nxJrv7+f9XecwazynjU8e4Vw3Q=="
    },
    "node_modules/lodash": {
      "version": "4.17.21",
      "resolved": "https://registry.npmjs.org/lodash/-/lodash-4.17.21.tgz",
      "integrity": "sha512-v2kDEe57lecTulaDIuNTPy3Ry4gLGJ6Z1O3vE1krgXZNrsQ+LFTGHVxVjcXPs17LhbZVGedAJv8XZ1tvj5FvSg=="
    },
    "node_modules/noop-fn": {
      "version": "1.0.0",
      "resolved": "https://registry.npmjs.org/noop-fn/-/noop-fn-1.0.0.tgz",
      "integrity": "sha1-XzPUfxPSFQ35PgywNmmemC94/78="
    },
    "node_modules/pouchdb-collections": {
      "version": "1.0.1",
      "resolved": "https://registry.npmjs.org/pouchdb-collections/-/pouchdb-collections-1.0.1.tgz",
      "integrity": "sha1-/mOhfal3YRq+98uAJssalVP9g1k="
    },
    "node_modules/tiny-queue": {
      "version": "0.2.1",
      "resolved": "https://registry.npmjs.org/tiny-queue/-/tiny-queue-0.2.1.tgz",
      "integrity": "sha1-JaZ/LG4lOyypQZd7XvdELvl6YEY="
    },
    "node_modules/typescript": {
      "version": "4.6.2",
      "resolved": "https://registry.npmjs.org/typescript/-/typescript-4.6.2.tgz",
      "integrity": "sha512-HM/hFigTBHZhLXshn9sN37H085+hQGeJHJ/X7LpBWLID/fbc2acUMfU+lGD98X81sKP+pFa9f0DZmCwB9GnbAg==",
      "dev": true,
      "bin": {
        "tsc": "bin/tsc",
        "tsserver": "bin/tsserver"
      },
      "engines": {
        "node": ">=4.2.0"
      }
    }
  },
  "dependencies": {
    "@expo/websql": {
      "version": "1.0.1",
      "resolved": "https://registry.npmjs.org/@expo/websql/-/websql-1.0.1.tgz",
      "integrity": "sha1-//DPnBuqH3D54dZYt8OaQg2bEKk=",
      "requires": {
        "argsarray": "^0.0.1",
        "immediate": "^3.2.2",
        "noop-fn": "^1.0.0",
        "pouchdb-collections": "^1.0.1",
        "tiny-queue": "^0.2.1"
      }
    },
    "@types/node": {
      "version": "17.0.21",
      "resolved": "https://registry.npmjs.org/@types/node/-/node-17.0.21.tgz",
      "integrity": "sha512-DBZCJbhII3r90XbQxI8Y9IjjiiOGlZ0Hr32omXIZvwwZ7p4DMMXGrKXVyPfuoBOri9XNtL0UK69jYIBIsRX3QQ==",
      "dev": true
    },
    "argsarray": {
      "version": "0.0.1",
      "resolved": "https://registry.npmjs.org/argsarray/-/argsarray-0.0.1.tgz",
      "integrity": "sha1-bnIHtOzbObCviDA/pa4ivajfYcs="
    },
    "expo-modules-core": {
      "version": "0.2.0",
      "resolved": "https://registry.npmjs.org/expo-modules-core/-/expo-modules-core-0.2.0.tgz",
      "integrity": "sha512-inpfZ5X/BaTtbj2wG9PA9AC0MN8VyId6KSRlVuEg7+ziurHBy/kKDFxpOddUokhwiln2uhoYPSStJjR/tKypdw=="
    },
    "expo-sqlite": {
      "version": "9.2.1",
      "resolved": "https://registry.npmjs.org/expo-sqlite/-/expo-sqlite-9.2.1.tgz",
      "integrity": "sha512-OTN3Dn/S07rmPEiMA8D4OXWvSwahckyAFWqgCAPUy6yjYI1O5ykhXZ37eerFJNMgSZqfOQ719lpYB0pdIKY6kA==",
      "requires": {
        "@expo/websql": "^1.0.1",
        "expo-modules-core": "~0.2.0",
        "lodash": "^4.17.15"
      }
    },
    "immediate": {
      "version": "3.3.0",
      "resolved": "https://registry.npmjs.org/immediate/-/immediate-3.3.0.tgz",
      "integrity": "sha512-HR7EVodfFUdQCTIeySw+WDRFJlPcLOJbXfwwZ7Oom6tjsvZ3bOkCDJHehQC3nxJrv7+f9XecwazynjU8e4Vw3Q=="
    },
    "lodash": {
      "version": "4.17.21",
      "resolved": "https://registry.npmjs.org/lodash/-/lodash-4.17.21.tgz",
      "integrity": "sha512-v2kDEe57lecTulaDIuNTPy3Ry4gLGJ6Z1O3vE1krgXZNrsQ+LFTGHVxVjcXPs17LhbZVGedAJv8XZ1tvj5FvSg=="
    },
    "noop-fn": {
      "version": "1.0.0",
      "resolved": "https://registry.npmjs.org/noop-fn/-/noop-fn-1.0.0.tgz",
      "integrity": "sha1-XzPUfxPSFQ35PgywNmmemC94/78="
    },
    "pouchdb-collections": {
      "version": "1.0.1",
      "resolved": "https://registry.npmjs.org/pouchdb-collections/-/pouchdb-collections-1.0.1.tgz",
      "integrity": "sha1-/mOhfal3YRq+98uAJssalVP9g1k="
    },
    "tiny-queue": {
      "version": "0.2.1",
      "resolved": "https://registry.npmjs.org/tiny-queue/-/tiny-queue-0.2.1.tgz",
      "integrity": "sha1-JaZ/LG4lOyypQZd7XvdELvl6YEY="
    },
    "typescript": {
      "version": "4.6.2",
      "resolved": "https://registry.npmjs.org/typescript/-/typescript-4.6.2.tgz",
      "integrity": "sha512-HM/hFigTBHZhLXshn9sN37H085+hQGeJHJ/X7LpBWLID/fbc2acUMfU+lGD98X81sKP+pFa9f0DZmCwB9GnbAg==",
      "dev": true
    }
  }
}
